
Microsoft Visual Studio Solution File, Format Version 12.00
# Visual Studio Version 17
VisualStudioVersion = 17.11.35312.102
MinimumVisualStudioVersion = 10.0.40219.1
Project("{9A19103F-16F7-4668-BE54-9A1E7A4F7556}") = "StringBudowa", "StringBuilder\StringBudowa.csproj", "{5BDE5301-9AF1-4AEC-95B9-9A70B54DA38D}"
EndProject
Global
	GlobalSection(SolutionConfigurationPlatforms) = preSolution
		Debug|Any CPU = Debug|Any CPU
		Release|Any CPU = Release|Any CPU
	EndGlobalSection
	GlobalSection(ProjectConfigurationPlatforms) = postSolution
		{5BDE5301-9AF1-4AEC-95B9-9A70B54DA38D}.Debug|Any CPU.ActiveCfg = Debug|Any CPU
		{5BDE5301-9AF1-4AEC-95B9-9A70B54DA38D}.Debug|Any CPU.Build.0 = Debug|Any CPU
		{5BDE5301-9AF1-4AEC-95B9-9A70B54DA38D}.Release|Any CPU.ActiveCfg = Release|Any CPU
		{5BDE5301-9AF1-4AEC-95B9-9A70B54DA38D}.Release|Any CPU.Build.0 = Release|Any CPU
	EndGlobalSection
	GlobalSection(SolutionProperties) = preSolution
		HideSolutionNode = FALSE
	EndGlobalSection
	GlobalSection(ExtensibilityGlobals) = postSolution
		SolutionGuid = {08593B1F-18AC-4CBF-BFAA-7877EF90E1F3}
	EndGlobalSection
EndGlobal
